
Microsoft Visual Studio Solution File, Format Version 12.00
# Visual Studio Version 17
VisualStudioVersion = 17.4.33110.190
MinimumVisualStudioVersion = 10.0.40219.1
Project("{9A19103F-16F7-4668-BE54-9A1E7A4F7556}") = "ConsoleApp1", "ConsoleApp1\ConsoleApp1.csproj", "{B339D2E9-E573-4556-8840-59A6E11AB000}"
EndProject
Project("{FAE04EC0-301F-11D3-BF4B-00C04F79EFBC}") = "ClassLibrary1", "ClassLibrary1\ClassLibrary1.csproj", "{28E2094A-63EF-4CFC-BE1B-9218ED5D0C70}"
EndProject
Project("{FAE04EC0-301F-11D3-BF4B-00C04F79EFBC}") = "Test", "Test\Test.csproj", "{9EAA0000-6A27-4F0E-BA5C-4F9A9CA99325}"
EndProject
Global
	GlobalSection(SolutionConfigurationPlatforms) = preSolution
		Debug|Any CPU = Debug|Any CPU
		Release|Any CPU = Release|Any CPU
	EndGlobalSection
	GlobalSection(ProjectConfigurationPlatforms) = postSolution
		{B339D2E9-E573-4556-8840-59A6E11AB000}.Debug|Any CPU.ActiveCfg = Debug|Any CPU
		{B339D2E9-E573-4556-8840-59A6E11AB000}.Debug|Any CPU.Build.0 = Debug|Any CPU
		{B339D2E9-E573-4556-8840-59A6E11AB000}.Release|Any CPU.ActiveCfg = Release|Any CPU
		{B339D2E9-E573-4556-8840-59A6E11AB000}.Release|Any CPU.Build.0 = Release|Any CPU
		{28E2094A-63EF-4CFC-BE1B-9218ED5D0C70}.Debug|Any CPU.ActiveCfg = Debug|Any CPU
		{28E2094A-63EF-4CFC-BE1B-9218ED5D0C70}.Debug|Any CPU.Build.0 = Debug|Any CPU
		{28E2094A-63EF-4CFC-BE1B-9218ED5D0C70}.Release|Any CPU.ActiveCfg = Release|Any CPU
		{28E2094A-63EF-4CFC-BE1B-9218ED5D0C70}.Release|Any CPU.Build.0 = Release|Any CPU
		{9EAA0000-6A27-4F0E-BA5C-4F9A9CA99325}.Debug|Any CPU.ActiveCfg = Debug|Any CPU
		{9EAA0000-6A27-4F0E-BA5C-4F9A9CA99325}.Debug|Any CPU.Build.0 = Debug|Any CPU
		{9EAA0000-6A27-4F0E-BA5C-4F9A9CA99325}.Release|Any CPU.ActiveCfg = Release|Any CPU
		{9EAA0000-6A27-4F0E-BA5C-4F9A9CA99325}.Release|Any CPU.Build.0 = Release|Any CPU
	EndGlobalSection
	GlobalSection(SolutionProperties) = preSolution
		HideSolutionNode = FALSE
	EndGlobalSection
	GlobalSection(ExtensibilityGlobals) = postSolution
		SolutionGuid = {0A1045F1-10E9-40E7-B732-914034CCE9B1}
	EndGlobalSection
EndGlobal
